schema: '2.0'
stages:
  extract_all_sources:
    cmd: python test_extraction.py
    deps:
    - path: configs/extractors
      hash: md5
      md5: b8132b31f6e57f7c941d170f774fb629.dir
      size: 45399
      nfiles: 4
    - path: src/extractors
      hash: md5
      md5: e35fcfd7a59df113fff1a6acd4d34fe0.dir
      size: 192766
      nfiles: 8
    params:
      params.yaml:
        pipeline.enabled: true
    outs:
    - path: data_raw
      hash: md5
      md5: fcf06664df807b1a4ce214071a7f7997.dir
      size: 282
      nfiles: 1
